{
  "requires": true,
  "lockfileVersion": 1,
  "dependencies": {
    "cjs": {
      "version": "0.0.11",
      "resolved": "https://mirrors.cloud.tencent.com/npm/cjs/-/cjs-0.0.11.tgz",
      "integrity": "sha1-H+Uo69qPnuIfgaf3spmo1wsUpHw=",
      "requires": {
        "sync-channel": "*"
      }
    },
    "sync-channel": {
      "version": "0.0.6",
      "resolved": "https://mirrors.cloud.tencent.com/npm/sync-channel/-/sync-channel-0.0.6.tgz",
      "integrity": "sha1-C62DDY8fEbjOYSVJ4Nlje7BlKFA="
    }
  }
}
